// !$*UTF8*$!
{
	archiveVersion = 1;
	classes = {
	};
	objectVersion = 56;
	objects = {

/* Begin PBXBuildFile section */
		65E3C8232BE01A4E00A27A16 /* schnick.c in Sources */ = {isa = PBXBuildFile; fileRef = 65E3C8222BE01A4E00A27A16 /* schnick.c */; };
		65E3C8352BE0385700A27A16 /* Makefile in Sources */ = {isa = PBXBuildFile; fileRef = 65E3C8342BE0385700A27A16 /* Makefile */; };
		65E3C8382BE03CFF00A27A16 /* schnick_funcs.c in Sources */ = {isa = PBXBuildFile; fileRef = 65E3C8372BE03CFF00A27A16 /* schnick_funcs.c */; };
		65E3C87B2BE13D4200A27A16 /* pointer_test.c in Sources */ = {isa = PBXBuildFile; fileRef = 65E3C87A2BE13D4200A27A16 /* pointer_test.c */; };
		65E3C87E2BE1450B00A27A16 /* POINTER_EXPLANATION.md in Sources */ = {isa = PBXBuildFile; fileRef = 65E3C87D2BE143E000A27A16 /* POINTER_EXPLANATION.md */; };
/* End PBXBuildFile section */

/* Begin PBXCopyFilesBuildPhase section */
		65E3C81D2BE01A4E00A27A16 /* CopyFiles */ = {
			isa = PBXCopyFilesBuildPhase;
			buildActionMask = 2147483647;
			dstPath = /usr/share/man/man1/;
			dstSubfolderSpec = 0;
			files = (
			);
			runOnlyForDeploymentPostprocessing = 1;
		};
		65E3C8672BE13BAA00A27A16 /* CopyFiles */ = {
			isa = PBXCopyFilesBuildPhase;
			buildActionMask = 2147483647;
			dstPath = /usr/share/man/man1/;
			dstSubfolderSpec = 0;
			files = (
			);
			runOnlyForDeploymentPostprocessing = 1;
		};
/* End PBXCopyFilesBuildPhase section */

/* Begin PBXFileReference section */
		65E3C81F2BE01A4E00A27A16 /* C_Knowledge */ = {isa = PBXFileReference; explicitFileType = "compiled.mach-o.executable"; includeInIndex = 0; path = C_Knowledge; sourceTree = BUILT_PRODUCTS_DIR; };
		65E3C8222BE01A4E00A27A16 /* schnick.c */ = {isa = PBXFileReference; lastKnownFileType = sourcecode.c.c; path = schnick.c; sourceTree = "<group>"; };
		65E3C8342BE0385700A27A16 /* Makefile */ = {isa = PBXFileReference; lastKnownFileType = sourcecode.make; path = Makefile; sourceTree = "<group>"; };
		65E3C8362BE03CF200A27A16 /* schnick_funcs.h */ = {isa = PBXFileReference; lastKnownFileType = sourcecode.c.h; path = schnick_funcs.h; sourceTree = "<group>"; };
		65E3C8372BE03CFF00A27A16 /* schnick_funcs.c */ = {isa = PBXFileReference; lastKnownFileType = sourcecode.c.c; path = schnick_funcs.c; sourceTree = "<group>"; };
		65E3C86B2BE13BAA00A27A16 /* Pointer_Logic */ = {isa = PBXFileReference; explicitFileType = "compiled.mach-o.executable"; includeInIndex = 0; path = Pointer_Logic; sourceTree = BUILT_PRODUCTS_DIR; };
		65E3C87A2BE13D4200A27A16 /* pointer_test.c */ = {isa = PBXFileReference; lastKnownFileType = sourcecode.c.c; path = pointer_test.c; sourceTree = "<group>"; };
		65E3C87D2BE143E000A27A16 /* POINTER_EXPLANATION.md */ = {isa = PBXFileReference; lastKnownFileType = net.daringfireball.markdown; path = POINTER_EXPLANATION.md; sourceTree = "<group>"; };
/* End PBXFileReference section */

/* Begin PBXFrameworksBuildPhase section */
		65E3C81C2BE01A4E00A27A16 /* Frameworks */ = {
			isa = PBXFrameworksBuildPhase;
			buildActionMask = 2147483647;
			files = (
			);
			runOnlyForDeploymentPostprocessing = 0;
		};
		65E3C8662BE13BAA00A27A16 /* Frameworks */ = {
			isa = PBXFrameworksBuildPhase;
			buildActionMask = 2147483647;
			files = (
			);
			runOnlyForDeploymentPostprocessing = 0;
		};
/* End PBXFrameworksBuildPhase section */

/* Begin PBXGroup section */
		65E3C8162BE01A4E00A27A16 = {
			isa = PBXGroup;
			children = (
				65E3C87C2BE13D6100A27A16 /* Pointer_Logic */,
				65E3C8212BE01A4E00A27A16 /* C_Knowledge */,
				65E3C8202BE01A4E00A27A16 /* Products */,
			);
			sourceTree = "<group>";
		};
		65E3C8202BE01A4E00A27A16 /* Products */ = {
			isa = PBXGroup;
			children = (
				65E3C81F2BE01A4E00A27A16 /* C_Knowledge */,
				65E3C86B2BE13BAA00A27A16 /* Pointer_Logic */,
			);
			name = Products;
			sourceTree = "<group>";
		};
		65E3C8212BE01A4E00A27A16 /* C_Knowledge */ = {
			isa = PBXGroup;
			children = (
				65E3C8222BE01A4E00A27A16 /* schnick.c */,
				65E3C8342BE0385700A27A16 /* Makefile */,
				65E3C8362BE03CF200A27A16 /* schnick_funcs.h */,
				65E3C8372BE03CFF00A27A16 /* schnick_funcs.c */,
			);
			path = C_Knowledge;
			sourceTree = "<group>";
		};
		65E3C87C2BE13D6100A27A16 /* Pointer_Logic */ = {
			isa = PBXGroup;
			children = (
				65E3C87A2BE13D4200A27A16 /* pointer_test.c */,
				65E3C87D2BE143E000A27A16 /* POINTER_EXPLANATION.md */,
			);
			path = Pointer_Logic;
			sourceTree = "<group>";
		};
/* End PBXGroup section */

/* Begin PBXNativeTarget section */
		65E3C81E2BE01A4E00A27A16 /* C_Knowledge */ = {
			isa = PBXNativeTarget;
			buildConfigurationList = 65E3C8262BE01A4E00A27A16 /* Build configuration list for PBXNativeTarget "C_Knowledge" */;
			buildPhases = (
				65E3C81B2BE01A4E00A27A16 /* Sources */,
				65E3C81C2BE01A4E00A27A16 /* Frameworks */,
				65E3C81D2BE01A4E00A27A16 /* CopyFiles */,
			);
			buildRules = (
			);
			dependencies = (
			);
			name = C_Knowledge;
			productName = C_Knowledge;
			productReference = 65E3C81F2BE01A4E00A27A16 /* C_Knowledge */;
			productType = "com.apple.product-type.tool";
		};
		65E3C8612BE13BAA00A27A16 /* Pointer_Logic */ = {
			isa = PBXNativeTarget;
			buildConfigurationList = 65E3C8682BE13BAA00A27A16 /* Build configuration list for PBXNativeTarget "Pointer_Logic" */;
			buildPhases = (
				65E3C8622BE13BAA00A27A16 /* Sources */,
				65E3C8662BE13BAA00A27A16 /* Frameworks */,
				65E3C8672BE13BAA00A27A16 /* CopyFiles */,
			);
			buildRules = (
			);
			dependencies = (
			);
			name = Pointer_Logic;
			productName = C_Knowledge;
			productReference = 65E3C86B2BE13BAA00A27A16 /* Pointer_Logic */;
			productType = "com.apple.product-type.tool";
		};
/* End PBXNativeTarget section */

/* Begin PBXProject section */
		65E3C8172BE01A4E00A27A16 /* Project object */ = {
			isa = PBXProject;
			attributes = {
				BuildIndependentTargetsInParallel = 1;
				LastUpgradeCheck = 1530;
				TargetAttributes = {
					65E3C81E2BE01A4E00A27A16 = {
						CreatedOnToolsVersion = 15.3;
					};
				};
			};
			buildConfigurationList = 65E3C81A2BE01A4E00A27A16 /* Build configuration list for PBXProject "C_Knowledge" */;
			compatibilityVersion = "Xcode 14.0";
			developmentRegion = en;
			hasScannedForEncodings = 0;
			knownRegions = (
				en,
				Base,
			);
			mainGroup = 65E3C8162BE01A4E00A27A16;
			productRefGroup = 65E3C8202BE01A4E00A27A16 /* Products */;
			projectDirPath = "";
			projectRoot = "";
			targets = (
				65E3C81E2BE01A4E00A27A16 /* C_Knowledge */,
				65E3C8612BE13BAA00A27A16 /* Pointer_Logic */,
			);
		};
/* End PBXProject section */

/* Begin PBXSourcesBuildPhase section */
		65E3C81B2BE01A4E00A27A16 /* Sources */ = {
			isa = PBXSourcesBuildPhase;
			buildActionMask = 2147483647;
			files = (
				65E3C8352BE0385700A27A16 /* Makefile in Sources */,
				65E3C8232BE01A4E00A27A16 /* schnick.c in Sources */,
				65E3C8382BE03CFF00A27A16 /* schnick_funcs.c in Sources */,
			);
			runOnlyForDeploymentPostprocessing = 0;
		};
		65E3C8622BE13BAA00A27A16 /* Sources */ = {
			isa = PBXSourcesBuildPhase;
			buildActionMask = 2147483647;
			files = (
				65E3C87E2BE1450B00A27A16 /* POINTER_EXPLANATION.md in Sources */,
				65E3C87B2BE13D4200A27A16 /* pointer_test.c in Sources */,
			);
			runOnlyForDeploymentPostprocessing = 0;
		};
/* End PBXSourcesBuildPhase section */

/* Begin XCBuildConfiguration section */
		65E3C8242BE01A4E00A27A16 /* Debug */ = {
			isa = XCBuildConfiguration;
			buildSettings = {
				ALWAYS_SEARCH_USER_PATHS = NO;
				ASSETCATALOG_COMPILER_GENERATE_SWIFT_ASSET_SYMBOL_EXTENSIONS = YES;
				CLANG_ANALYZER_NONNULL = YES;
				CLANG_ANALYZER_NUMBER_OBJECT_CONVERSION = YES_AGGRESSIVE;
				CLANG_CXX_LANGUAGE_STANDARD = "gnu++20";
				CLANG_ENABLE_MODULES = YES;
				CLANG_ENABLE_OBJC_ARC = YES;
				CLANG_ENABLE_OBJC_WEAK = YES;
				CLANG_WARN_BLOCK_CAPTURE_AUTORELEASING = YES;
				CLANG_WARN_BOOL_CONVERSION = YES;
				CLANG_WARN_COMMA = YES;
				CLANG_WARN_CONSTANT_CONVERSION = YES;
				CLANG_WARN_DEPRECATED_OBJC_IMPLEMENTATIONS = YES;
				CLANG_WARN_DIRECT_OBJC_ISA_USAGE = YES_ERROR;
				CLANG_WARN_DOCUMENTATION_COMMENTS = YES;
				CLANG_WARN_EMPTY_BODY = YES;
				CLANG_WARN_ENUM_CONVERSION = YES;
				CLANG_WARN_INFINITE_RECURSION = YES;
				CLANG_WARN_INT_CONVERSION = YES;
				CLANG_WARN_NON_LITERAL_NULL_CONVERSION = YES;
				CLANG_WARN_OBJC_IMPLICIT_RETAIN_SELF = YES;
				CLANG_WARN_OBJC_LITERAL_CONVERSION = YES;
				CLANG_WARN_OBJC_ROOT_CLASS = YES_ERROR;
				CLANG_WARN_QUOTED_INCLUDE_IN_FRAMEWORK_HEADER = YES;
				CLANG_WARN_RANGE_LOOP_ANALYSIS = YES;
				CLANG_WARN_STRICT_PROTOTYPES = YES;
				CLANG_WARN_SUSPICIOUS_MOVE = YES;
				CLANG_WARN_UNGUARDED_AVAILABILITY = YES_AGGRESSIVE;
				CLANG_WARN_UNREACHABLE_CODE = YES;
				CLANG_WARN__DUPLICATE_METHOD_MATCH = YES;
				COPY_PHASE_STRIP = NO;
				DEBUG_INFORMATION_FORMAT = dwarf;
				ENABLE_STRICT_OBJC_MSGSEND = YES;
				ENABLE_TESTABILITY = YES;
				ENABLE_USER_SCRIPT_SANDBOXING = YES;
				GCC_C_LANGUAGE_STANDARD = gnu17;
				GCC_DYNAMIC_NO_PIC = NO;
				GCC_NO_COMMON_BLOCKS = YES;
				GCC_OPTIMIZATION_LEVEL = 0;
				GCC_PREPROCESSOR_DEFINITIONS = (
					"DEBUG=1",
					"$(inherited)",
				);
				GCC_WARN_64_TO_32_BIT_CONVERSION = YES;
				GCC_WARN_ABOUT_RETURN_TYPE = YES_ERROR;
				GCC_WARN_UNDECLARED_SELECTOR = YES;
				GCC_WARN_UNINITIALIZED_AUTOS = YES_AGGRESSIVE;
				GCC_WARN_UNUSED_FUNCTION = YES;
				GCC_WARN_UNUSED_VARIABLE = YES;
				LOCALIZATION_PREFERS_STRING_CATALOGS = YES;
				MACOSX_DEPLOYMENT_TARGET = 14.4;
				MTL_ENABLE_DEBUG_INFO = INCLUDE_SOURCE;
				MTL_FAST_MATH = YES;
				ONLY_ACTIVE_ARCH = YES;
				SDKROOT = macosx;
			};
			name = Debug;
		};
		65E3C8252BE01A4E00A27A16 /* Release */ = {
			isa = XCBuildConfiguration;
			buildSettings = {
				ALWAYS_SEARCH_USER_PATHS = NO;
				ASSETCATALOG_COMPILER_GENERATE_SWIFT_ASSET_SYMBOL_EXTENSIONS = YES;
				CLANG_ANALYZER_NONNULL = YES;
				CLANG_ANALYZER_NUMBER_OBJECT_CONVERSION = YES_AGGRESSIVE;
				CLANG_CXX_LANGUAGE_STANDARD = "gnu++20";
				CLANG_ENABLE_MODULES = YES;
				CLANG_ENABLE_OBJC_ARC = YES;
				CLANG_ENABLE_OBJC_WEAK = YES;
				CLANG_WARN_BLOCK_CAPTURE_AUTORELEASING = YES;
				CLANG_WARN_BOOL_CONVERSION = YES;
				CLANG_WARN_COMMA = YES;
				CLANG_WARN_CONSTANT_CONVERSION = YES;
				CLANG_WARN_DEPRECATED_OBJC_IMPLEMENTATIONS = YES;
				CLANG_WARN_DIRECT_OBJC_ISA_USAGE = YES_ERROR;
				CLANG_WARN_DOCUMENTATION_COMMENTS = YES;
				CLANG_WARN_EMPTY_BODY = YES;
				CLANG_WARN_ENUM_CONVERSION = YES;
				CLANG_WARN_INFINITE_RECURSION = YES;
				CLANG_WARN_INT_CONVERSION = YES;
				CLANG_WARN_NON_LITERAL_NULL_CONVERSION = YES;
				CLANG_WARN_OBJC_IMPLICIT_RETAIN_SELF = YES;
				CLANG_WARN_OBJC_LITERAL_CONVERSION = YES;
				CLANG_WARN_OBJC_ROOT_CLASS = YES_ERROR;
				CLANG_WARN_QUOTED_INCLUDE_IN_FRAMEWORK_HEADER = YES;
				CLANG_WARN_RANGE_LOOP_ANALYSIS = YES;
				CLANG_WARN_STRICT_PROTOTYPES = YES;
				CLANG_WARN_SUSPICIOUS_MOVE = YES;
				CLANG_WARN_UNGUARDED_AVAILABILITY = YES_AGGRESSIVE;
				CLANG_WARN_UNREACHABLE_CODE = YES;
				CLANG_WARN__DUPLICATE_METHOD_MATCH = YES;
				COPY_PHASE_STRIP = NO;
				DEBUG_INFORMATION_FORMAT = "dwarf-with-dsym";
				ENABLE_NS_ASSERTIONS = NO;
				ENABLE_STRICT_OBJC_MSGSEND = YES;
				ENABLE_USER_SCRIPT_SANDBOXING = YES;
				GCC_C_LANGUAGE_STANDARD = gnu17;
				GCC_NO_COMMON_BLOCKS = YES;
				GCC_WARN_64_TO_32_BIT_CONVERSION = YES;
				GCC_WARN_ABOUT_RETURN_TYPE = YES_ERROR;
				GCC_WARN_UNDECLARED_SELECTOR = YES;
				GCC_WARN_UNINITIALIZED_AUTOS = YES_AGGRESSIVE;
				GCC_WARN_UNUSED_FUNCTION = YES;
				GCC_WARN_UNUSED_VARIABLE = YES;
				LOCALIZATION_PREFERS_STRING_CATALOGS = YES;
				MACOSX_DEPLOYMENT_TARGET = 14.4;
				MTL_ENABLE_DEBUG_INFO = NO;
				MTL_FAST_MATH = YES;
				SDKROOT = macosx;
			};
			name = Release;
		};
		65E3C8272BE01A4E00A27A16 /* Debug */ = {
			isa = XCBuildConfiguration;
			buildSettings = {
				"CODE_SIGN_IDENTITY[sdk=macosx*]" = "Apple Development";
				CODE_SIGN_STYLE = Automatic;
				DEVELOPMENT_TEAM = H8JWZ5PDRJ;
				PRODUCT_NAME = "$(TARGET_NAME)";
			};
			name = Debug;
		};
		65E3C8282BE01A4E00A27A16 /* Release */ = {
			isa = XCBuildConfiguration;
			buildSettings = {
				"CODE_SIGN_IDENTITY[sdk=macosx*]" = "Apple Development";
				CODE_SIGN_STYLE = Automatic;
				DEVELOPMENT_TEAM = H8JWZ5PDRJ;
				PRODUCT_NAME = "$(TARGET_NAME)";
			};
			name = Release;
		};
		65E3C8692BE13BAA00A27A16 /* Debug */ = {
			isa = XCBuildConfiguration;
			buildSettings = {
				CLANG_USE_OPTIMIZATION_PROFILE = YES;
				"CODE_SIGN_IDENTITY[sdk=macosx*]" = "Apple Development";
				CODE_SIGN_STYLE = Automatic;
				DEVELOPMENT_TEAM = H8JWZ5PDRJ;
				PRODUCT_NAME = "$(TARGET_NAME)";
			};
			name = Debug;
		};
		65E3C86A2BE13BAA00A27A16 /* Release */ = {
			isa = XCBuildConfiguration;
			buildSettings = {
				CLANG_USE_OPTIMIZATION_PROFILE = YES;
				"CODE_SIGN_IDENTITY[sdk=macosx*]" = "Apple Development";
				CODE_SIGN_STYLE = Automatic;
				DEVELOPMENT_TEAM = H8JWZ5PDRJ;
				PRODUCT_NAME = "$(TARGET_NAME)";
			};
			name = Release;
		};
/* End XCBuildConfiguration section */

/* Begin XCConfigurationList section */
		65E3C81A2BE01A4E00A27A16 /* Build configuration list for PBXProject "C_Knowledge" */ = {
			isa = XCConfigurationList;
			buildConfigurations = (
				65E3C8242BE01A4E00A27A16 /* Debug */,
				65E3C8252BE01A4E00A27A16 /* Release */,
			);
			defaultConfigurationIsVisible = 0;
			defaultConfigurationName = Release;
		};
		65E3C8262BE01A4E00A27A16 /* Build configuration list for PBXNativeTarget "C_Knowledge" */ = {
			isa = XCConfigurationList;
			buildConfigurations = (
				65E3C8272BE01A4E00A27A16 /* Debug */,
				65E3C8282BE01A4E00A27A16 /* Release */,
			);
			defaultConfigurationIsVisible = 0;
			defaultConfigurationName = Release;
		};
		65E3C8682BE13BAA00A27A16 /* Build configuration list for PBXNativeTarget "Pointer_Logic" */ = {
			isa = XCConfigurationList;
			buildConfigurations = (
				65E3C8692BE13BAA00A27A16 /* Debug */,
				65E3C86A2BE13BAA00A27A16 /* Release */,
			);
			defaultConfigurationIsVisible = 0;
			defaultConfigurationName = Release;
		};
/* End XCConfigurationList section */
	};
	rootObject = 65E3C8172BE01A4E00A27A16 /* Project object */;
}
